Microsoft Visual Studio Solution File, Format Version 12.00
# Visual Studio Version 18
VisualStudioVersion = 18.6.11806.211
MinimumVisualStudioVersion = 10.0.40219.1
Project("{FAE04EC0-301F-11D3-BF4B-00C04F79EFBC}") = "FM100", "FM100\FM100.csproj", "{7AF0D37E-41A0-1BC1-9FE3-7CE3D6B80C0C}"
EndProject
Project("{FAE04EC0-301F-11D3-BF4B-00C04F79EFBC}") = "FM100.Domain", "FM100.Domain\FM100.Domain.csproj", "{0C5FC7BF-5FDC-C6DE-7324-96BA40336A23}"
EndProject
Project("{2150E333-8FDC-42A3-9474-1A3956D46DE8}") = "Solution Items", "Solution Items", "{F7305FD1-F573-4DA9-9360-BCA8BF8A7DE7}"
	ProjectSection(SolutionItems) = preProject
		.gitignore = .gitignore
		.github\workflows\build-test-deploy.yml = .github\workflows\build-test-deploy.yml
		README.md = README.md
	EndProjectSection
EndProject
Project("{FAE04EC0-301F-11D3-BF4B-00C04F79EFBC}") = "FM100.Core", "FM100.Core\FM100.Core.csproj", "{C09446C0-B0E1-485B-B147-AFCA6CE1E5BE}"
EndProject
Project("{FAE04EC0-301F-11D3-BF4B-00C04F79EFBC}") = "FM100.UnitTest", "FM100.UnitTest\FM100.UnitTest.csproj", "{8A23F242-A1FB-4CE8-A3C9-0948A4AA0758}"
EndProject
Global
	GlobalSection(SolutionConfigurationPlatforms) = preSolution
		Debug|Any CPU = Debug|Any CPU
		Release|Any CPU = Release|Any CPU
	EndGlobalSection
	GlobalSection(ProjectConfigurationPlatforms) = postSolution
		{7AF0D37E-41A0-1BC1-9FE3-7CE3D6B80C0C}.Debug|Any CPU.ActiveCfg = Debug|Any CPU
		{7AF0D37E-41A0-1BC1-9FE3-7CE3D6B80C0C}.Debug|Any CPU.Build.0 = Debug|Any CPU
		{7AF0D37E-41A0-1BC1-9FE3-7CE3D6B80C0C}.Release|Any CPU.ActiveCfg = Release|Any CPU
		{7AF0D37E-41A0-1BC1-9FE3-7CE3D6B80C0C}.Release|Any CPU.Build.0 = Release|Any CPU
		{0C5FC7BF-5FDC-C6DE-7324-96BA40336A23}.Debug|Any CPU.ActiveCfg = Debug|Any CPU
		{0C5FC7BF-5FDC-C6DE-7324-96BA40336A23}.Debug|Any CPU.Build.0 = Debug|Any CPU
		{0C5FC7BF-5FDC-C6DE-7324-96BA40336A23}.Release|Any CPU.ActiveCfg = Release|Any CPU
		{0C5FC7BF-5FDC-C6DE-7324-96BA40336A23}.Release|Any CPU.Build.0 = Release|Any CPU
		{C09446C0-B0E1-485B-B147-AFCA6CE1E5BE}.Debug|Any CPU.ActiveCfg = Debug|Any CPU
		{C09446C0-B0E1-485B-B147-AFCA6CE1E5BE}.Debug|Any CPU.Build.0 = Debug|Any CPU
		{C09446C0-B0E1-485B-B147-AFCA6CE1E5BE}.Release|Any CPU.ActiveCfg = Release|Any CPU
		{C09446C0-B0E1-485B-B147-AFCA6CE1E5BE}.Release|Any CPU.Build.0 = Release|Any CPU
		{8A23F242-A1FB-4CE8-A3C9-0948A4AA0758}.Debug|Any CPU.ActiveCfg = Debug|Any CPU
		{8A23F242-A1FB-4CE8-A3C9-0948A4AA0758}.Debug|Any CPU.Build.0 = Debug|Any CPU
		{8A23F242-A1FB-4CE8-A3C9-0948A4AA0758}.Release|Any CPU.ActiveCfg = Release|Any CPU
		{8A23F242-A1FB-4CE8-A3C9-0948A4AA0758}.Release|Any CPU.Build.0 = Release|Any CPU
	EndGlobalSection
	GlobalSection(SolutionProperties) = preSolution
		HideSolutionNode = FALSE
	EndGlobalSection
	GlobalSection(ExtensibilityGlobals) = postSolution
		SolutionGuid = {E6E6D04A-7630-4D4E-8C5A-6A3FA51E370F}
	EndGlobalSection
EndGlobal
